
Microsoft Visual Studio Solution File, Format Version 12.00
# Visual Studio 15
VisualStudioVersion = 15.0.27703.2000
MinimumVisualStudioVersion = 10.0.40219.1
Project("{8BC9CEB8-8B4A-11D0-8D11-00A0C91BC942}") = "client", "client\client.vcxproj", "{B9792F6F-FB20-43EC-A2A0-D09714A836B9}"
EndProject
Global
	GlobalSection(SolutionConfigurationPlatforms) = preSolution
		Debug|x64 = Debug|x64
		Debug|x86 = Debug|x86
		Release|x64 = Release|x64
		Release|x86 = Release|x86
	EndGlobalSection
	GlobalSection(ProjectConfigurationPlatforms) = postSolution
		{B9792F6F-FB20-43EC-A2A0-D09714A836B9}.Debug|x64.ActiveCfg = Debug|x64
		{B9792F6F-FB20-43EC-A2A0-D09714A836B9}.Debug|x64.Build.0 = Debug|x64
		{B9792F6F-FB20-43EC-A2A0-D09714A836B9}.Debug|x86.ActiveCfg = Debug|Win32
		{B9792F6F-FB20-43EC-A2A0-D09714A836B9}.Debug|x86.Build.0 = Debug|Win32
		{B9792F6F-FB20-43EC-A2A0-D09714A836B9}.Release|x64.ActiveCfg = Release|x64
		{B9792F6F-FB20-43EC-A2A0-D09714A836B9}.Release|x64.Build.0 = Release|x64
		{B9792F6F-FB20-43EC-A2A0-D09714A836B9}.Release|x86.ActiveCfg = Release|Win32
		{B9792F6F-FB20-43EC-A2A0-D09714A836B9}.Release|x86.Build.0 = Release|Win32
	EndGlobalSection
	GlobalSection(SolutionProperties) = preSolution
		HideSolutionNode = FALSE
	EndGlobalSection
	GlobalSection(ExtensibilityGlobals) = postSolution
		SolutionGuid = {15CBC749-ACF1-490F-9E20-B92EAA6D2088}
	EndGlobalSection
EndGlobal
